<?xml version="1.0" encoding="utf-8"?>
<Project ToolsVersion="4.0" xmlns="http://schemas.microsoft.com/developer/msbuild/2003">
  <ItemGroup>
    <Filter Include="Source Files">
      <UniqueIdentifier>{4FC737F1-C7A5-4376-A066-2A32D752A2FF}</UniqueIdentifier>
      <Extensions>cpp;c;cc;cxx;def;odl;idl;hpj;bat;asm;asmx</Extensions>
    </Filter>
    <Filter Include="Header Files">
      <UniqueIdentifier>{93995380-89BD-4b04-88EB-625FBE52EBFB}</UniqueIdentifier>
      <Extensions>h;hh;hpp;hxx;hm;inl;inc;ipp;xsd</Extensions>
    </Filter>
    <Filter Include="Resource Files">
      <UniqueIdentifier>{67DA6AB6-F800-4c08-8B7A-83BB121AAD01}</UniqueIdentifier>
      <Extensions>rc;ico;cur;bmp;dlg;rc2;rct;bin;rgs;gif;jpg;jpeg;jpe;resx;tiff;tif;png;wav;mfcribbon-ms</Extensions>
    </Filter>
    <Filter Include="Map-Related">
      <UniqueIdentifier>{1bd2cca6-3e8b-4504-bb21-ba448f758380}</UniqueIdentifier>
    </Filter>
    <Filter Include="File-Related">
      <UniqueIdentifier>{682e839e-019d-430d-9d06-3d4b9068497a}</UniqueIdentifier>
    </Filter>
    <Filter Include="Map-Related\People-Related">
      <UniqueIdentifier>{81a746e9-900a-483e-8f72-ec4f95547f99}</UniqueIdentifier>
    </Filter>
    <Filter Include="Map-Related\Nation-Related">
      <UniqueIdentifier>{0356bf58-062e-45f2-8bb5-7a7717f31c4c}</UniqueIdentifier>
    </Filter>
    <Filter Include="File-Related\Files-To-Be-Loaded">
      <UniqueIdentifier>{fc8f79a7-1f70-40bf-8362-4d719bb9d930}</UniqueIdentifier>
    </Filter>
    <Filter Include="Console_API Related">
      <UniqueIdentifier>{b8db4480-8d45-4812-ad8a-6c2533afac4f}</UniqueIdentifier>
    </Filter>
  </ItemGroup>
  <ItemGroup>
    <ClInclude Include="map.h">
      <Filter>Map-Related</Filter>
    </ClInclude>
    <ClInclude Include="state.h">
      <Filter>Map-Related</Filter>
    </ClInclude>
    <ClInclude Include="unicode.h">
      <Filter>File-Related</Filter>
    </ClInclude>
    <ClInclude Include="load.h">
      <Filter>File-Related</Filter>
    </ClInclude>
    <ClInclude Include="person.h">
      <Filter>Map-Related\People-Related</Filter>
    </ClInclude>
    <ClInclude Include="effect.h">
      <Filter>Map-Related\People-Related</Filter>
    </ClInclude>
    <ClInclude Include="clique.h">
      <Filter>Map-Related\Nation-Related</Filter>
    </ClInclude>
    <ClInclude Include="cursor.h">
      <Filter>Console_API Related</Filter>
    </ClInclude>
    <ClInclude Include="engine.h">
      <Filter>Header Files</Filter>
    </ClInclude>
  </ItemGroup>
  <ItemGroup>
    <ClCompile Include="main.cpp">
      <Filter>Source Files</Filter>
    </ClCompile>
    <ClCompile Include="map.cpp">
      <Filter>Map-Related</Filter>
    </ClCompile>
    <ClCompile Include="state.cpp">
      <Filter>Map-Related</Filter>
    </ClCompile>
    <ClCompile Include="unicode.cpp">
      <Filter>File-Related</Filter>
    </ClCompile>
    <ClCompile Include="load.cpp">
      <Filter>File-Related</Filter>
    </ClCompile>
    <ClCompile Include="person.cpp">
      <Filter>Map-Related\People-Related</Filter>
    </ClCompile>
    <ClCompile Include="effect.cpp">
      <Filter>Map-Related\People-Related</Filter>
    </ClCompile>
    <ClCompile Include="clique.cpp">
      <Filter>Map-Related\Nation-Related</Filter>
    </ClCompile>
    <ClCompile Include="cursor.cpp">
      <Filter>Console_API Related</Filter>
    </ClCompile>
    <ClCompile Include="engine.cpp">
      <Filter>Source Files</Filter>
    </ClCompile>
  </ItemGroup>
  <ItemGroup>
    <Text Include="USA.txt">
      <Filter>File-Related\Files-To-Be-Loaded</Filter>
    </Text>
    <Text Include="traits.txt">
      <Filter>File-Related\Files-To-Be-Loaded</Filter>
    </Text>
    <Text Include="names.txt">
      <Filter>File-Related\Files-To-Be-Loaded</Filter>
    </Text>
    <Text Include="paths.txt">
      <Filter>File-Related\Files-To-Be-Loaded</Filter>
    </Text>
  </ItemGroup>
</Project>